
Microsoft Visual Studio Solution File, Format Version 12.00
# Visual Studio 15
VisualStudioVersion = 15.0.27703.2026
MinimumVisualStudioVersion = 10.0.40219.1
Project("{9A19103F-16F7-4668-BE54-9A1E7A4F7556}") = "ChannelAdam.TransientFaultHandling", "src\ChannelAdam.TransientFaultHandling\ChannelAdam.TransientFaultHandling.csproj", "{9F221F43-02F7-4875-9686-B80187AE5D38}"
EndProject
Project("{2150E333-8FDC-42A3-9474-1A3956D46DE8}") = "Solution Items", "Solution Items", "{2C8DC702-3DCF-4B56-A907-7674077C3FE4}"
	ProjectSection(SolutionItems) = preProject
		.gitignore = .gitignore
		GitVersion.yml = GitVersion.yml
		README.md = README.md
	EndProjectSection
EndProject
Global
	GlobalSection(SolutionConfigurationPlatforms) = preSolution
		Debug|Any CPU = Debug|Any CPU
		Release|Any CPU = Release|Any CPU
	EndGlobalSection
	GlobalSection(ProjectConfigurationPlatforms) = postSolution
		{9F221F43-02F7-4875-9686-B80187AE5D38}.Debug|Any CPU.ActiveCfg = Debug|Any CPU
		{9F221F43-02F7-4875-9686-B80187AE5D38}.Debug|Any CPU.Build.0 = Debug|Any CPU
		{9F221F43-02F7-4875-9686-B80187AE5D38}.Release|Any CPU.ActiveCfg = Release|Any CPU
		{9F221F43-02F7-4875-9686-B80187AE5D38}.Release|Any CPU.Build.0 = Release|Any CPU
	EndGlobalSection
	GlobalSection(SolutionProperties) = preSolution
		HideSolutionNode = FALSE
	EndGlobalSection
	GlobalSection(ExtensibilityGlobals) = postSolution
		SolutionGuid = {FE2FE499-5847-4D18-8731-479B269FB924}
	EndGlobalSection
EndGlobal
